
Microsoft Visual Studio Solution File, Format Version 12.00
# Visual Studio Version 17
VisualStudioVersion = 17.11.35312.102
MinimumVisualStudioVersion = 10.0.40219.1
Project("{8BC9CEB8-8B4A-11D0-8D11-00A0C91BC942}") = "Lab7.3_REC", "Lab7.3_REC\Lab7.3_REC.vcxproj", "{B4C6F373-C7AE-42B2-84C0-B7962381A1E1}"
EndProject
Project("{8BC9CEB8-8B4A-11D0-8D11-00A0C91BC942}") = "UnitTest7.3_REC", "UnitTest7.3_REC\UnitTest7.3_REC.vcxproj", "{DCC2579F-2970-4202-BB55-6F4492938978}"
EndProject
Global
	GlobalSection(SolutionConfigurationPlatforms) = preSolution
		Debug|x64 = Debug|x64
		Debug|x86 = Debug|x86
		Release|x64 = Release|x64
		Release|x86 = Release|x86
	EndGlobalSection
	GlobalSection(ProjectConfigurationPlatforms) = postSolution
		{B4C6F373-C7AE-42B2-84C0-B7962381A1E1}.Debug|x64.ActiveCfg = Debug|x64
		{B4C6F373-C7AE-42B2-84C0-B7962381A1E1}.Debug|x64.Build.0 = Debug|x64
		{B4C6F373-C7AE-42B2-84C0-B7962381A1E1}.Debug|x86.ActiveCfg = Debug|Win32
		{B4C6F373-C7AE-42B2-84C0-B7962381A1E1}.Debug|x86.Build.0 = Debug|Win32
		{B4C6F373-C7AE-42B2-84C0-B7962381A1E1}.Release|x64.ActiveCfg = Release|x64
		{B4C6F373-C7AE-42B2-84C0-B7962381A1E1}.Release|x64.Build.0 = Release|x64
		{B4C6F373-C7AE-42B2-84C0-B7962381A1E1}.Release|x86.ActiveCfg = Release|Win32
		{B4C6F373-C7AE-42B2-84C0-B7962381A1E1}.Release|x86.Build.0 = Release|Win32
		{DCC2579F-2970-4202-BB55-6F4492938978}.Debug|x64.ActiveCfg = Debug|x64
		{DCC2579F-2970-4202-BB55-6F4492938978}.Debug|x64.Build.0 = Debug|x64
		{DCC2579F-2970-4202-BB55-6F4492938978}.Debug|x86.ActiveCfg = Debug|Win32
		{DCC2579F-2970-4202-BB55-6F4492938978}.Debug|x86.Build.0 = Debug|Win32
		{DCC2579F-2970-4202-BB55-6F4492938978}.Release|x64.ActiveCfg = Release|x64
		{DCC2579F-2970-4202-BB55-6F4492938978}.Release|x64.Build.0 = Release|x64
		{DCC2579F-2970-4202-BB55-6F4492938978}.Release|x86.ActiveCfg = Release|Win32
		{DCC2579F-2970-4202-BB55-6F4492938978}.Release|x86.Build.0 = Release|Win32
	EndGlobalSection
	GlobalSection(SolutionProperties) = preSolution
		HideSolutionNode = FALSE
	EndGlobalSection
	GlobalSection(ExtensibilityGlobals) = postSolution
		SolutionGuid = {BC9DC59C-4B95-4831-9A1A-61C8B38F5488}
	EndGlobalSection
EndGlobal
